
Microsoft Visual Studio Solution File, Format Version 12.00
# Visual Studio Version 17
VisualStudioVersion = 17.2.32519.379
MinimumVisualStudioVersion = 10.0.40219.1
Project("{FAE04EC0-301F-11D3-BF4B-00C04F79EFBC}") = "pryfermoya", "pryfermoya\pryfermoya.csproj", "{33D716AE-8576-4EAC-80D5-5085900CF883}"
EndProject
Global
	GlobalSection(SolutionConfigurationPlatforms) = preSolution
		Debug|Any CPU = Debug|Any CPU
		Release|Any CPU = Release|Any CPU
	EndGlobalSection
	GlobalSection(ProjectConfigurationPlatforms) = postSolution
		{33D716AE-8576-4EAC-80D5-5085900CF883}.Debug|Any CPU.ActiveCfg = Debug|Any CPU
		{33D716AE-8576-4EAC-80D5-5085900CF883}.Debug|Any CPU.Build.0 = Debug|Any CPU
		{33D716AE-8576-4EAC-80D5-5085900CF883}.Release|Any CPU.ActiveCfg = Release|Any CPU
		{33D716AE-8576-4EAC-80D5-5085900CF883}.Release|Any CPU.Build.0 = Release|Any CPU
	EndGlobalSection
	GlobalSection(SolutionProperties) = preSolution
		HideSolutionNode = FALSE
	EndGlobalSection
	GlobalSection(ExtensibilityGlobals) = postSolution
		SolutionGuid = {B18035F6-2E00-4483-9371-92D062CF6C41}
	EndGlobalSection
EndGlobal
